// !$*UTF8*$!
{
	archiveVersion = 1;
	classes = {
	};
	objectVersion = 77;
	objects = {

/* Begin PBXBuildFile section */
		01839507C6B1B5EB49B8DEFD /* OutlineTreeCellView.swift in Sources */ = {isa = PBXBuildFile; fileRef = 6480B1CA3B59F9639172E4B9 /* OutlineTreeCellView.swift */; };
		02119EE617DF093C5AC6E1BA /* ProjectStoreHelpersTests.swift in Sources */ = {isa = PBXBuildFile; fileRef = 7275948704BB7EA41DA98E21 /* ProjectStoreHelpersTests.swift */; };
		03E4037BB16E1CAFAD0AAB1A /* GhosttyConfig.swift in Sources */ = {isa = PBXBuildFile; fileRef = B9FDFE104B8726AFD0EF477D /* GhosttyConfig.swift */; };
		05AC7232364220B07F6B1EB0 /* GhosttyApp.swift in Sources */ = {isa = PBXBuildFile; fileRef = 73CF89807648285D325F0F65 /* GhosttyApp.swift */; };
		06EF6FC70AE06D5D9FB2EE60 /* TerminalSurfaceRetentionTests.swift in Sources */ = {isa = PBXBuildFile; fileRef = 21DD4CFA52278B0DEC5F0003 /* TerminalSurfaceRetentionTests.swift */; };
		1B8510A1B037F58C77A70E55 /* TerminalNamespaceTests.swift in Sources */ = {isa = PBXBuildFile; fileRef = 7D9C4F6213AD81E8DDF041EE /* TerminalNamespaceTests.swift */; };
		1BD4F2C33F69F3A58B4049E9 /* TerminalSearchTests.swift in Sources */ = {isa = PBXBuildFile; fileRef = C041C1F34801BF486A888B46 /* TerminalSearchTests.swift */; };
		23E85236BE44285F65D1E92F /* FileIconsTests.swift in Sources */ = {isa = PBXBuildFile; fileRef = 9F84090706181BCE2FB1AF47 /* FileIconsTests.swift */; };
		253B536A97052112FD46B3FF /* GitChangesView.swift in Sources */ = {isa = PBXBuildFile; fileRef = F6C7B0DBA130E23B413EA3A8 /* GitChangesView.swift */; };
		25638B8C67FB225663CCE5A1 /* BookmarkStore.swift in Sources */ = {isa = PBXBuildFile; fileRef = 6892EC597E859C6C89747657 /* BookmarkStore.swift */; };
		2F7B5276A453883804B6D37C /* GitCommitParsingTests.swift in Sources */ = {isa = PBXBuildFile; fileRef = 0940CC16A5382882D30EBAFD /* GitCommitParsingTests.swift */; };
		300A0C58F3CD4221DD347BEA /* RightDockStoreTests.swift in Sources */ = {isa = PBXBuildFile; fileRef = 8EB4866085EB54B9C129F121 /* RightDockStoreTests.swift */; };
		3140A88752300CC5AE03A433 /* FileExplorerGitPropagationTests.swift in Sources */ = {isa = PBXBuildFile; fileRef = AC7E472A3BF6DAE6E5623511 /* FileExplorerGitPropagationTests.swift */; };
		353D99F512065C7E8FD7EDFB /* GhosttyInput.swift in Sources */ = {isa = PBXBuildFile; fileRef = 8DE94F3F69D57F740DD9C966 /* GhosttyInput.swift */; };
		3D99003D3AD31CD33007EFFC /* IconButtonStyle.swift in Sources */ = {isa = PBXBuildFile; fileRef = 552C03468C64C29EEA14DE99 /* IconButtonStyle.swift */; };
		4637838D393C5D4F441A50E0 /* FileExplorerParsingTests.swift in Sources */ = {isa = PBXBuildFile; fileRef = AC6E1BF43BA95A17177F2788 /* FileExplorerParsingTests.swift */; };
		465C4C06EEE907C3154E2329 /* StatusBarView.swift in Sources */ = {isa = PBXBuildFile; fileRef = 4F692AB2575EE0D90EDAE529 /* StatusBarView.swift */; };
		467A828AC1805D834ABAFF66 /* OrderedProjectTabsTests.swift in Sources */ = {isa = PBXBuildFile; fileRef = 00642698655A3329F3C67DB7 /* OrderedProjectTabsTests.swift */; };
		4897E77332A433283D871460 /* TerminalScrollView.swift in Sources */ = {isa = PBXBuildFile; fileRef = 79636F7D772A467ADC94B313 /* TerminalScrollView.swift */; };
		4D9AE12397A51C88BD1D3B4F /* AppLogger.swift in Sources */ = {isa = PBXBuildFile; fileRef = 5A99F1BD2E832DC109BCC03A /* AppLogger.swift */; };
		4EB8B6468815663DFB8126CA /* NotificationNames.swift in Sources */ = {isa = PBXBuildFile; fileRef = EA86C7ADE1E696F8BF004DAD /* NotificationNames.swift */; };
		502E0FCB5AEF997F4C45E298 /* TerminalWorkspaceView.swift in Sources */ = {isa = PBXBuildFile; fileRef = F733F678544F126652F6B93E /* TerminalWorkspaceView.swift */; };
		51578B805F1E2D6511363059 /* ResourceMonitor.swift in Sources */ = {isa = PBXBuildFile; fileRef = F8453895B9F389F5D9284651 /* ResourceMonitor.swift */; };
		521860E4905A1AFE5052874D /* SettingsView.swift in Sources */ = {isa = PBXBuildFile; fileRef = 740A85D83B4812D1CDBD53E0 /* SettingsView.swift */; };
		5639D1BC18ACAAA2A02228CA /* GlassCompat.swift in Sources */ = {isa = PBXBuildFile; fileRef = 2ECB0AF2C7F4EFE398EA47EA /* GlassCompat.swift */; };
		56806FF59B6993BEC6BC294E /* TerminalWorkspaceStore.swift in Sources */ = {isa = PBXBuildFile; fileRef = C4E0BCEA1E40509CACA5F04D /* TerminalWorkspaceStore.swift */; };
		56817570CF5E2439B48889EF /* RailChrome.swift in Sources */ = {isa = PBXBuildFile; fileRef = 00D2782FE44356BA1DC6F8B8 /* RailChrome.swift */; };
		5729326DB2DB723A977828AB /* AppIcon.icns in Resources */ = {isa = PBXBuildFile; fileRef = 938F89967F54EF40EA4AE7FE /* AppIcon.icns */; };
		58B0B6ED8636B72C527AE508 /* SplitDiffByFileTests.swift in Sources */ = {isa = PBXBuildFile; fileRef = C39D7120D769F3D4DF10E3C6 /* SplitDiffByFileTests.swift */; };
		5CB8CC71803498A3BE67CF5A /* GitService.swift in Sources */ = {isa = PBXBuildFile; fileRef = 61C1A374304AF8134D201B42 /* GitService.swift */; };
		5E396A11E8647300BD34C2FB /* PanelDivider.swift in Sources */ = {isa = PBXBuildFile; fileRef = AAF45F9E4541BB9F66DC113E /* PanelDivider.swift */; };
		5E3BD234948BA7E23B411AFC /* openOwlApp.swift in Sources */ = {isa = PBXBuildFile; fileRef = 2CB54138411E7B198A089C5F /* openOwlApp.swift */; };
		60B99CB7A678B3FF5849F23B /* TerminalSearchOverlay.swift in Sources */ = {isa = PBXBuildFile; fileRef = DB671E763D87E90D400A8ED9 /* TerminalSearchOverlay.swift */; };
		62C2E9297DE3DE2DA8FE87D3 /* FileExplorerStore.swift in Sources */ = {isa = PBXBuildFile; fileRef = 12AC90A655D11BC8410328FD /* FileExplorerStore.swift */; };
		68E8E1B4A11A9861636A80B3 /* BranchNameGenerator.swift in Sources */ = {isa = PBXBuildFile; fileRef = 3C32FF68B777207179BFEFB0 /* BranchNameGenerator.swift */; };
		6BB859A04E634B0BEF110C32 /* ProjectSessionList.swift in Sources */ = {isa = PBXBuildFile; fileRef = 154F9C01C1F87B15DA5F1AC3 /* ProjectSessionList.swift */; };
		6BBD6B72F4001B15A9D35F94 /* SpinningIcon.swift in Sources */ = {isa = PBXBuildFile; fileRef = 61BBAD397E75BD6423E0EB63 /* SpinningIcon.swift */; };
		6BD87F1582F09A111CA1DAEE /* GitServiceParsingTests.swift in Sources */ = {isa = PBXBuildFile; fileRef = 00AF40C4BACE1CDD1ECD6157 /* GitServiceParsingTests.swift */; };
		72D67EA4C8D4364F538AC3BA /* FreeTerminalTabBar.swift in Sources */ = {isa = PBXBuildFile; fileRef = 5533A6D4B3B1811FF42BB1D1 /* FreeTerminalTabBar.swift */; };
		78E88DA5D9EE3022602988FB /* TerminalSplitNodeExtraTests.swift in Sources */ = {isa = PBXBuildFile; fileRef = 46C97B681433B80851C4C8B2 /* TerminalSplitNodeExtraTests.swift */; };
		84210C57D43532E520A69243 /* TerminalKeyboardRoutingTests.swift in Sources */ = {isa = PBXBuildFile; fileRef = 56EC8F9FC165C061D79F5952 /* TerminalKeyboardRoutingTests.swift */; };
		8542D038455206037150C4FE /* RightDockView.swift in Sources */ = {isa = PBXBuildFile; fileRef = D143F488B97B650DE80654CB /* RightDockView.swift */; };
		882EAAE1592A1A4FCB1A169A /* ScrollIndicatorTests.swift in Sources */ = {isa = PBXBuildFile; fileRef = FE6FF0B33095CC35D7533713 /* ScrollIndicatorTests.swift */; };
		8A11FA4EFF26B2E2418120DE /* FileExplorerErrorHandlingTests.swift in Sources */ = {isa = PBXBuildFile; fileRef = 10A99EEE47269D739DF84C40 /* FileExplorerErrorHandlingTests.swift */; };
		8F5B22333611B8EB7B1D3000 /* ProjectRail.swift in Sources */ = {isa = PBXBuildFile; fileRef = E20D59796FBA02BB2C2D2CB5 /* ProjectRail.swift */; };
		9121D7764A3A9AB908307340 /* ghostty-resources in Resources */ = {isa = PBXBuildFile; fileRef = 35BDC16C9BB8A7EF4C33FEE8 /* ghostty-resources */; };
		A1A33C96E8CE7B33C8C44339 /* Assets.xcassets in Resources */ = {isa = PBXBuildFile; fileRef = 56D3EFADA4D64C3ABBF4887E /* Assets.xcassets */; };
		A2747B4F72892C3434D61AFD /* ProjectStorePersistenceTests.swift in Sources */ = {isa = PBXBuildFile; fileRef = F55B1F7B1BFEBE824E839A54 /* ProjectStorePersistenceTests.swift */; };
		A831242FE45B5FDEC78DD834 /* GhosttyTerminal.swift in Sources */ = {isa = PBXBuildFile; fileRef = C3210995F6EB34D444A49815 /* GhosttyTerminal.swift */; };
		B688B8E2534656369B51C04E /* OutlineTreeView.swift in Sources */ = {isa = PBXBuildFile; fileRef = E712E0676CA92A36194A3A3E /* OutlineTreeView.swift */; };
		B6BB3580C221F10DBB012FCA /* TerminalSplitNodeTests.swift in Sources */ = {isa = PBXBuildFile; fileRef = C1ACD5DC9423F0D31646990E /* TerminalSplitNodeTests.swift */; };
		BBD5731ED2E2CA722DF77BA0 /* AppDelegate.swift in Sources */ = {isa = PBXBuildFile; fileRef = FEDADFD1990F2C7EC7EDDC78 /* AppDelegate.swift */; };
		BE0A87CA4D3EE71346E578CF /* UpdateChecker.swift in Sources */ = {isa = PBXBuildFile; fileRef = 61BBA8C4BCDD5442FF64552D /* UpdateChecker.swift */; };
		BF6B6B2E42E2713F6F298006 /* QuickOpenSheet.swift in Sources */ = {isa = PBXBuildFile; fileRef = 98E3B22B024A5CF89AEF09F0 /* QuickOpenSheet.swift */; };
		C519F9EA87A6C9634B6330C5 /* ResourceMonitorTests.swift in Sources */ = {isa = PBXBuildFile; fileRef = 00DAEBF29B433B2E5D08B1FB /* ResourceMonitorTests.swift */; };
		C8103406C7769B2B19CF90A5 /* Constants.swift in Sources */ = {isa = PBXBuildFile; fileRef = 38E541F2A395A5EB308D9C38 /* Constants.swift */; };
		CB4F833D9F18065300936BAB /* GitServiceWorktreeTests.swift in Sources */ = {isa = PBXBuildFile; fileRef = C0A67F7E3F270286352D95F0 /* GitServiceWorktreeTests.swift */; };
		CCF135004AC2388F113EE300 /* FileIcons.swift in Sources */ = {isa = PBXBuildFile; fileRef = A7453D913EA60163D2B5E6D2 /* FileIcons.swift */; };
		CD05B57A6A79E3908340A545 /* TerminalSearchState.swift in Sources */ = {isa = PBXBuildFile; fileRef = AD76FBFB96CF78FA6A6B167C /* TerminalSearchState.swift */; };
		D22473C2BCB4E577E5447A08 /* ContentView.swift in Sources */ = {isa = PBXBuildFile; fileRef = 490E3122E814DA28B0734EF6 /* ContentView.swift */; };
		D3A330C500889DCBF61B4CA0 /* CodeEditSourceEditor in Frameworks */ = {isa = PBXBuildFile; productRef = AE1D15AD458D2BC516FC7BCE /* CodeEditSourceEditor */; };
		D79A8C2EED7A6227E6DFF3AD /* RightDockStore.swift in Sources */ = {isa = PBXBuildFile; fileRef = 482BCD458AD47827F0591A74 /* RightDockStore.swift */; };
		D8FC95FBDD4287532684B9F3 /* GitChangesStore.swift in Sources */ = {isa = PBXBuildFile; fileRef = 7C602586627CCE3EB2977A5E /* GitChangesStore.swift */; };
		DB321C5D9D0B1ED20AF1B5C3 /* ProjectStoreFreeTerminalsTests.swift in Sources */ = {isa = PBXBuildFile; fileRef = 7D8EB9056F0398E50CA36087 /* ProjectStoreFreeTerminalsTests.swift */; };
		E26D6EB03ADF4440FEECCD35 /* TerminalPanel.swift in Sources */ = {isa = PBXBuildFile; fileRef = 0C4F7D15DDB411EB83184BAD /* TerminalPanel.swift */; };
		E2858524718C2F8850AE2DE9 /* BranchNameGeneratorTests.swift in Sources */ = {isa = PBXBuildFile; fileRef = F5BCF2DFA7863BDF0B13FA97 /* BranchNameGeneratorTests.swift */; };
		E3A2575D11E17CF509A2CA38 /* FileExplorerView.swift in Sources */ = {isa = PBXBuildFile; fileRef = C85221AB69D1FBEA8FB4B809 /* FileExplorerView.swift */; };
		E41F0715FF1A9ACFD20554F2 /* ProjectStore.swift in Sources */ = {isa = PBXBuildFile; fileRef = 6D5539E778AB8B17DC618C39 /* ProjectStore.swift */; };
		EC8DF83DFD73AE2330E7E2E5 /* FileWatcher.swift in Sources */ = {isa = PBXBuildFile; fileRef = 5BAFE9E75DAA3DB62ECD73CB /* FileWatcher.swift */; };
		EF85B8825B0F808FE105D731 /* EmptyStateView.swift in Sources */ = {isa = PBXBuildFile; fileRef = AB19182518A4ECF2CB2EFE7D /* EmptyStateView.swift */; };
		F00CD343673CE3309A16B710 /* UpdateAlertView.swift in Sources */ = {isa = PBXBuildFile; fileRef = E6BFB8B2686ECAE673F0ACA6 /* UpdateAlertView.swift */; };
		F043F631A3AD286B260541AB /* SectionTitle.swift in Sources */ = {isa = PBXBuildFile; fileRef = D3F88A4C649AE808F422E1D1 /* SectionTitle.swift */; };
		F087AF6004B255BE82860F2C /* RightDockRail.swift in Sources */ = {isa = PBXBuildFile; fileRef = EFBB3B903011154CFA9A416C /* RightDockRail.swift */; };
		F550C71135677716727CDABC /* MaximizePaneTests.swift in Sources */ = {isa = PBXBuildFile; fileRef = F82D68EDEACC74717AAF913C /* MaximizePaneTests.swift */; };
		F79004DAFFCFE7A81C3C8061 /* OutlineTreeViewController.swift in Sources */ = {isa = PBXBuildFile; fileRef = 217AE27F0A3DE1C89E12F04E /* OutlineTreeViewController.swift */; };
		F7A0E506981153607E812058 /* BookmarkStoreTests.swift in Sources */ = {isa = PBXBuildFile; fileRef = 3EA6C0B7C4F7B3B1E84C0C91 /* BookmarkStoreTests.swift */; };
		F809C182203DC5D122B19DB8 /* GraphLayoutTests.swift in Sources */ = {isa = PBXBuildFile; fileRef = AE352528571824276B013180 /* GraphLayoutTests.swift */; };
		F9DFB41D15D5628E3305431E /* CommitMessageGenerator.swift in Sources */ = {isa = PBXBuildFile; fileRef = 6607398740E9040BA756684C /* CommitMessageGenerator.swift */; };
		FA74C49292D00D1B1654BC01 /* SelectableRowChrome.swift in Sources */ = {isa = PBXBuildFile; fileRef = 47FBEED930CEBFE305680520 /* SelectableRowChrome.swift */; };
/* End PBXBuildFile section */

/* Begin PBXContainerItemProxy section */
		DFAA4159252A42ED1EC6F14B /* PBXContainerItemProxy */ = {
			isa = PBXContainerItemProxy;
			containerPortal = 9C7D3B2ADFF25A7CE9021E60 /* Project object */;
			proxyType = 1;
			remoteGlobalIDString = 54357E0C7D73AF6ECD5C03F8;
			remoteInfo = openOwl;
		};
/* End PBXContainerItemProxy section */

/* Begin PBXFileReference section */
		00642698655A3329F3C67DB7 /* OrderedProjectTabsTests.swift */ = {isa = PBXFileReference; lastKnownFileType = sourcecode.swift; path = OrderedProjectTabsTests.swift; sourceTree = "<group>"; };
		00AF40C4BACE1CDD1ECD6157 /* GitServiceParsingTests.swift */ = {isa = PBXFileReference; lastKnownFileType = sourcecode.swift; path = GitServiceParsingTests.swift; sourceTree = "<group>"; };
		00D2782FE44356BA1DC6F8B8 /* RailChrome.swift */ = {isa = PBXFileReference; lastKnownFileType = sourcecode.swift; path = RailChrome.swift; sourceTree = "<group>"; };
		00DAEBF29B433B2E5D08B1FB /* ResourceMonitorTests.swift */ = {isa = PBXFileReference; lastKnownFileType = sourcecode.swift; path = ResourceMonitorTests.swift; sourceTree = "<group>"; };
		0940CC16A5382882D30EBAFD /* GitCommitParsingTests.swift */ = {isa = PBXFileReference; lastKnownFileType = sourcecode.swift; path = GitCommitParsingTests.swift; sourceTree = "<group>"; };
		0C4F7D15DDB411EB83184BAD /* TerminalPanel.swift */ = {isa = PBXFileReference; lastKnownFileType = sourcecode.swift; path = TerminalPanel.swift; sourceTree = "<group>"; };
		10A99EEE47269D739DF84C40 /* FileExplorerErrorHandlingTests.swift */ = {isa = PBXFileReference; lastKnownFileType = sourcecode.swift; path = FileExplorerErrorHandlingTests.swift; sourceTree = "<group>"; };
		12AC90A655D11BC8410328FD /* FileExplorerStore.swift */ = {isa = PBXFileReference; lastKnownFileType = sourcecode.swift; path = FileExplorerStore.swift; sourceTree = "<group>"; };
		154F9C01C1F87B15DA5F1AC3 /* ProjectSessionList.swift */ = {isa = PBXFileReference; lastKnownFileType = sourcecode.swift; path = ProjectSessionList.swift; sourceTree = "<group>"; };
		217AE27F0A3DE1C89E12F04E /* OutlineTreeViewController.swift */ = {isa = PBXFileReference; lastKnownFileType = sourcecode.swift; path = OutlineTreeViewController.swift; sourceTree = "<group>"; };
		21D628067CD85F2271ABAA1F /* openOwl.app */ = {isa = PBXFileReference; explicitFileType = wrapper.application; includeInIndex = 0; path = openOwl.app; sourceTree = BUILT_PRODUCTS_DIR; };
		21DD4CFA52278B0DEC5F0003 /* TerminalSurfaceRetentionTests.swift */ = {isa = PBXFileReference; lastKnownFileType = sourcecode.swift; path = TerminalSurfaceRetentionTests.swift; sourceTree = "<group>"; };
		25682E8CB84A6D92095A3762 /* openOwl-Bridging-Header.h */ = {isa = PBXFileReference; lastKnownFileType = sourcecode.c.h; path = "openOwl-Bridging-Header.h"; sourceTree = "<group>"; };
		2CB54138411E7B198A089C5F /* openOwlApp.swift */ = {isa = PBXFileReference; lastKnownFileType = sourcecode.swift; path = openOwlApp.swift; sourceTree = "<group>"; };
		2ECB0AF2C7F4EFE398EA47EA /* GlassCompat.swift */ = {isa = PBXFileReference; lastKnownFileType = sourcecode.swift; path = GlassCompat.swift; sourceTree = "<group>"; };
		35BDC16C9BB8A7EF4C33FEE8 /* ghostty-resources */ = {isa = PBXFileReference; lastKnownFileType = folder; path = "ghostty-resources"; sourceTree = SOURCE_ROOT; };
		38E541F2A395A5EB308D9C38 /* Constants.swift */ = {isa = PBXFileReference; lastKnownFileType = sourcecode.swift; path = Constants.swift; sourceTree = "<group>"; };
		3C32FF68B777207179BFEFB0 /* BranchNameGenerator.swift */ = {isa = PBXFileReference; lastKnownFileType = sourcecode.swift; path = BranchNameGenerator.swift; sourceTree = "<group>"; };
		3EA6C0B7C4F7B3B1E84C0C91 /* BookmarkStoreTests.swift */ = {isa = PBXFileReference; lastKnownFileType = sourcecode.swift; path = BookmarkStoreTests.swift; sourceTree = "<group>"; };
		46C97B681433B80851C4C8B2 /* TerminalSplitNodeExtraTests.swift */ = {isa = PBXFileReference; lastKnownFileType = sourcecode.swift; path = TerminalSplitNodeExtraTests.swift; sourceTree = "<group>"; };
		47FBEED930CEBFE305680520 /* SelectableRowChrome.swift */ = {isa = PBXFileReference; lastKnownFileType = sourcecode.swift; path = SelectableRowChrome.swift; sourceTree = "<group>"; };
		482BCD458AD47827F0591A74 /* RightDockStore.swift */ = {isa = PBXFileReference; lastKnownFileType = sourcecode.swift; path = RightDockStore.swift; sourceTree = "<group>"; };
		490E3122E814DA28B0734EF6 /* ContentView.swift */ = {isa = PBXFileReference; lastKnownFileType = sourcecode.swift; path = ContentView.swift; sourceTree = "<group>"; };
		4F692AB2575EE0D90EDAE529 /* StatusBarView.swift */ = {isa = PBXFileReference; lastKnownFileType = sourcecode.swift; path = StatusBarView.swift; sourceTree = "<group>"; };
		552C03468C64C29EEA14DE99 /* IconButtonStyle.swift */ = {isa = PBXFileReference; lastKnownFileType = sourcecode.swift; path = IconButtonStyle.swift; sourceTree = "<group>"; };
		5533A6D4B3B1811FF42BB1D1 /* FreeTerminalTabBar.swift */ = {isa = PBXFileReference; lastKnownFileType = sourcecode.swift; path = FreeTerminalTabBar.swift; sourceTree = "<group>"; };
		56D3EFADA4D64C3ABBF4887E /* Assets.xcassets */ = {isa = PBXFileReference; lastKnownFileType = folder.assetcatalog; path = Assets.xcassets; sourceTree = "<group>"; };
		56EC8F9FC165C061D79F5952 /* TerminalKeyboardRoutingTests.swift */ = {isa = PBXFileReference; lastKnownFileType = sourcecode.swift; path = TerminalKeyboardRoutingTests.swift; sourceTree = "<group>"; };
		5A99F1BD2E832DC109BCC03A /* AppLogger.swift */ = {isa = PBXFileReference; lastKnownFileType = sourcecode.swift; path = AppLogger.swift; sourceTree = "<group>"; };
		5BAFE9E75DAA3DB62ECD73CB /* FileWatcher.swift */ = {isa = PBXFileReference; lastKnownFileType = sourcecode.swift; path = FileWatcher.swift; sourceTree = "<group>"; };
		61BBA8C4BCDD5442FF64552D /* UpdateChecker.swift */ = {isa = PBXFileReference; lastKnownFileType = sourcecode.swift; path = UpdateChecker.swift; sourceTree = "<group>"; };
		61BBAD397E75BD6423E0EB63 /* SpinningIcon.swift */ = {isa = PBXFileReference; lastKnownFileType = sourcecode.swift; path = SpinningIcon.swift; sourceTree = "<group>"; };
		61C1A374304AF8134D201B42 /* GitService.swift */ = {isa = PBXFileReference; lastKnownFileType = sourcecode.swift; path = GitService.swift; sourceTree = "<group>"; };
		6480B1CA3B59F9639172E4B9 /* OutlineTreeCellView.swift */ = {isa = PBXFileReference; lastKnownFileType = sourcecode.swift; path = OutlineTreeCellView.swift; sourceTree = "<group>"; };
		6607398740E9040BA756684C /* CommitMessageGenerator.swift */ = {isa = PBXFileReference; lastKnownFileType = sourcecode.swift; path = CommitMessageGenerator.swift; sourceTree = "<group>"; };
		6892EC597E859C6C89747657 /* BookmarkStore.swift */ = {isa = PBXFileReference; lastKnownFileType = sourcecode.swift; path = BookmarkStore.swift; sourceTree = "<group>"; };
		6D5539E778AB8B17DC618C39 /* ProjectStore.swift */ = {isa = PBXFileReference; lastKnownFileType = sourcecode.swift; path = ProjectStore.swift; sourceTree = "<group>"; };
		7275948704BB7EA41DA98E21 /* ProjectStoreHelpersTests.swift */ = {isa = PBXFileReference; lastKnownFileType = sourcecode.swift; path = ProjectStoreHelpersTests.swift; sourceTree = "<group>"; };
		73CF89807648285D325F0F65 /* GhosttyApp.swift */ = {isa = PBXFileReference; lastKnownFileType = sourcecode.swift; path = GhosttyApp.swift; sourceTree = "<group>"; };
		740A85D83B4812D1CDBD53E0 /* SettingsView.swift */ = {isa = PBXFileReference; lastKnownFileType = sourcecode.swift; path = SettingsView.swift; sourceTree = "<group>"; };
		79636F7D772A467ADC94B313 /* TerminalScrollView.swift */ = {isa = PBXFileReference; lastKnownFileType = sourcecode.swift; path = TerminalScrollView.swift; sourceTree = "<group>"; };
		7C602586627CCE3EB2977A5E /* GitChangesStore.swift */ = {isa = PBXFileReference; lastKnownFileType = sourcecode.swift; path = GitChangesStore.swift; sourceTree = "<group>"; };
		7D8EB9056F0398E50CA36087 /* ProjectStoreFreeTerminalsTests.swift */ = {isa = PBXFileReference; lastKnownFileType = sourcecode.swift; path = ProjectStoreFreeTerminalsTests.swift; sourceTree = "<group>"; };
		7D9C4F6213AD81E8DDF041EE /* TerminalNamespaceTests.swift */ = {isa = PBXFileReference; lastKnownFileType = sourcecode.swift; path = TerminalNamespaceTests.swift; sourceTree = "<group>"; };
		8DE94F3F69D57F740DD9C966 /* GhosttyInput.swift */ = {isa = PBXFileReference; lastKnownFileType = sourcecode.swift; path = GhosttyInput.swift; sourceTree = "<group>"; };
		8EB4866085EB54B9C129F121 /* RightDockStoreTests.swift */ = {isa = PBXFileReference; lastKnownFileType = sourcecode.swift; path = RightDockStoreTests.swift; sourceTree = "<group>"; };
		938F89967F54EF40EA4AE7FE /* AppIcon.icns */ = {isa = PBXFileReference; lastKnownFileType = image.icns; path = AppIcon.icns; sourceTree = "<group>"; };
		98E3B22B024A5CF89AEF09F0 /* QuickOpenSheet.swift */ = {isa = PBXFileReference; lastKnownFileType = sourcecode.swift; path = QuickOpenSheet.swift; sourceTree = "<group>"; };
		9F84090706181BCE2FB1AF47 /* FileIconsTests.swift */ = {isa = PBXFileReference; lastKnownFileType = sourcecode.swift; path = FileIconsTests.swift; sourceTree = "<group>"; };
		A7453D913EA60163D2B5E6D2 /* FileIcons.swift */ = {isa = PBXFileReference; lastKnownFileType = sourcecode.swift; path = FileIcons.swift; sourceTree = "<group>"; };
		AAF45F9E4541BB9F66DC113E /* PanelDivider.swift */ = {isa = PBXFileReference; lastKnownFileType = sourcecode.swift; path = PanelDivider.swift; sourceTree = "<group>"; };
		AB19182518A4ECF2CB2EFE7D /* EmptyStateView.swift */ = {isa = PBXFileReference; lastKnownFileType = sourcecode.swift; path = EmptyStateView.swift; sourceTree = "<group>"; };
		AC6E1BF43BA95A17177F2788 /* FileExplorerParsingTests.swift */ = {isa = PBXFileReference; lastKnownFileType = sourcecode.swift; path = FileExplorerParsingTests.swift; sourceTree = "<group>"; };
		AC7E472A3BF6DAE6E5623511 /* FileExplorerGitPropagationTests.swift */ = {isa = PBXFileReference; lastKnownFileType = sourcecode.swift; path = FileExplorerGitPropagationTests.swift; sourceTree = "<group>"; };
		AD76AB4DCC030B2D4E99057E /* openOwlTests.xctest */ = {isa = PBXFileReference; explicitFileType = wrapper.cfbundle; includeInIndex = 0; path = openOwlTests.xctest; sourceTree = BUILT_PRODUCTS_DIR; };
		AD76FBFB96CF78FA6A6B167C /* TerminalSearchState.swift */ = {isa = PBXFileReference; lastKnownFileType = sourcecode.swift; path = TerminalSearchState.swift; sourceTree = "<group>"; };
		AE352528571824276B013180 /* GraphLayoutTests.swift */ = {isa = PBXFileReference; lastKnownFileType = sourcecode.swift; path = GraphLayoutTests.swift; sourceTree = "<group>"; };
		B0AADF796FB02C8E6D5B25A2 /* Info.plist */ = {isa = PBXFileReference; lastKnownFileType = text.plist; path = Info.plist; sourceTree = "<group>"; };
		B9FDFE104B8726AFD0EF477D /* GhosttyConfig.swift */ = {isa = PBXFileReference; lastKnownFileType = sourcecode.swift; path = GhosttyConfig.swift; sourceTree = "<group>"; };
		C041C1F34801BF486A888B46 /* TerminalSearchTests.swift */ = {isa = PBXFileReference; lastKnownFileType = sourcecode.swift; path = TerminalSearchTests.swift; sourceTree = "<group>"; };
		C0A67F7E3F270286352D95F0 /* GitServiceWorktreeTests.swift */ = {isa = PBXFileReference; lastKnownFileType = sourcecode.swift; path = GitServiceWorktreeTests.swift; sourceTree = "<group>"; };
		C1ACD5DC9423F0D31646990E /* TerminalSplitNodeTests.swift */ = {isa = PBXFileReference; lastKnownFileType = sourcecode.swift; path = TerminalSplitNodeTests.swift; sourceTree = "<group>"; };
		C3210995F6EB34D444A49815 /* GhosttyTerminal.swift */ = {isa = PBXFileReference; lastKnownFileType = sourcecode.swift; path = GhosttyTerminal.swift; sourceTree = "<group>"; };
		C39D7120D769F3D4DF10E3C6 /* SplitDiffByFileTests.swift */ = {isa = PBXFileReference; lastKnownFileType = sourcecode.swift; path = SplitDiffByFileTests.swift; sourceTree = "<group>"; };
		C4E0BCEA1E40509CACA5F04D /* TerminalWorkspaceStore.swift */ = {isa = PBXFileReference; lastKnownFileType = sourcecode.swift; path = TerminalWorkspaceStore.swift; sourceTree = "<group>"; };
		C85221AB69D1FBEA8FB4B809 /* FileExplorerView.swift */ = {isa = PBXFileReference; lastKnownFileType = sourcecode.swift; path = FileExplorerView.swift; sourceTree = "<group>"; };
		D143F488B97B650DE80654CB /* RightDockView.swift */ = {isa = PBXFileReference; lastKnownFileType = sourcecode.swift; path = RightDockView.swift; sourceTree = "<group>"; };
		D3F88A4C649AE808F422E1D1 /* SectionTitle.swift */ = {isa = PBXFileReference; lastKnownFileType = sourcecode.swift; path = SectionTitle.swift; sourceTree = "<group>"; };
		DB671E763D87E90D400A8ED9 /* TerminalSearchOverlay.swift */ = {isa = PBXFileReference; lastKnownFileType = sourcecode.swift; path = TerminalSearchOverlay.swift; sourceTree = "<group>"; };
		E20D59796FBA02BB2C2D2CB5 /* ProjectRail.swift */ = {isa = PBXFileReference; lastKnownFileType = sourcecode.swift; path = ProjectRail.swift; sourceTree = "<group>"; };
		E6BFB8B2686ECAE673F0ACA6 /* UpdateAlertView.swift */ = {isa = PBXFileReference; lastKnownFileType = sourcecode.swift; path = UpdateAlertView.swift; sourceTree = "<group>"; };
		E712E0676CA92A36194A3A3E /* OutlineTreeView.swift */ = {isa = PBXFileReference; lastKnownFileType = sourcecode.swift; path = OutlineTreeView.swift; sourceTree = "<group>"; };
		EA86C7ADE1E696F8BF004DAD /* NotificationNames.swift */ = {isa = PBXFileReference; lastKnownFileType = sourcecode.swift; path = NotificationNames.swift; sourceTree = "<group>"; };
		EFBB3B903011154CFA9A416C /* RightDockRail.swift */ = {isa = PBXFileReference; lastKnownFileType = sourcecode.swift; path = RightDockRail.swift; sourceTree = "<group>"; };
		F55B1F7B1BFEBE824E839A54 /* ProjectStorePersistenceTests.swift */ = {isa = PBXFileReference; lastKnownFileType = sourcecode.swift; path = ProjectStorePersistenceTests.swift; sourceTree = "<group>"; };
		F5BCF2DFA7863BDF0B13FA97 /* BranchNameGeneratorTests.swift */ = {isa = PBXFileReference; lastKnownFileType = sourcecode.swift; path = BranchNameGeneratorTests.swift; sourceTree = "<group>"; };
		F6C7B0DBA130E23B413EA3A8 /* GitChangesView.swift */ = {isa = PBXFileReference; lastKnownFileType = sourcecode.swift; path = GitChangesView.swift; sourceTree = "<group>"; };
		F733F678544F126652F6B93E /* TerminalWorkspaceView.swift */ = {isa = PBXFileReference; lastKnownFileType = sourcecode.swift; path = TerminalWorkspaceView.swift; sourceTree = "<group>"; };
		F82D68EDEACC74717AAF913C /* MaximizePaneTests.swift */ = {isa = PBXFileReference; lastKnownFileType = sourcecode.swift; path = MaximizePaneTests.swift; sourceTree = "<group>"; };
		F8453895B9F389F5D9284651 /* ResourceMonitor.swift */ = {isa = PBXFileReference; lastKnownFileType = sourcecode.swift; path = ResourceMonitor.swift; sourceTree = "<group>"; };
		FE6FF0B33095CC35D7533713 /* ScrollIndicatorTests.swift */ = {isa = PBXFileReference; lastKnownFileType = sourcecode.swift; path = ScrollIndicatorTests.swift; sourceTree = "<group>"; };
		FEDADFD1990F2C7EC7EDDC78 /* AppDelegate.swift */ = {isa = PBXFileReference; lastKnownFileType = sourcecode.swift; path = AppDelegate.swift; sourceTree = "<group>"; };
/* End PBXFileReference section */

/* Begin PBXFrameworksBuildPhase section */
		6B6DDD26056901A757D6A4D5 /* Frameworks */ = {
			isa = PBXFrameworksBuildPhase;
			buildActionMask = 2147483647;
			files = (
				D3A330C500889DCBF61B4CA0 /* CodeEditSourceEditor in Frameworks */,
			);
			runOnlyForDeploymentPostprocessing = 0;
		};
/* End PBXFrameworksBuildPhase section */

/* Begin PBXGroup section */
		04C93BCA620B1CDC8170910E /* openOwlTests */ = {
			isa = PBXGroup;
			children = (
				3EA6C0B7C4F7B3B1E84C0C91 /* BookmarkStoreTests.swift */,
				F5BCF2DFA7863BDF0B13FA97 /* BranchNameGeneratorTests.swift */,
				10A99EEE47269D739DF84C40 /* FileExplorerErrorHandlingTests.swift */,
				AC7E472A3BF6DAE6E5623511 /* FileExplorerGitPropagationTests.swift */,
				AC6E1BF43BA95A17177F2788 /* FileExplorerParsingTests.swift */,
				9F84090706181BCE2FB1AF47 /* FileIconsTests.swift */,
				0940CC16A5382882D30EBAFD /* GitCommitParsingTests.swift */,
				00AF40C4BACE1CDD1ECD6157 /* GitServiceParsingTests.swift */,
				C0A67F7E3F270286352D95F0 /* GitServiceWorktreeTests.swift */,
				AE352528571824276B013180 /* GraphLayoutTests.swift */,
				F82D68EDEACC74717AAF913C /* MaximizePaneTests.swift */,
				00642698655A3329F3C67DB7 /* OrderedProjectTabsTests.swift */,
				7D8EB9056F0398E50CA36087 /* ProjectStoreFreeTerminalsTests.swift */,
				7275948704BB7EA41DA98E21 /* ProjectStoreHelpersTests.swift */,
				F55B1F7B1BFEBE824E839A54 /* ProjectStorePersistenceTests.swift */,
				00DAEBF29B433B2E5D08B1FB /* ResourceMonitorTests.swift */,
				8EB4866085EB54B9C129F121 /* RightDockStoreTests.swift */,
				FE6FF0B33095CC35D7533713 /* ScrollIndicatorTests.swift */,
				C39D7120D769F3D4DF10E3C6 /* SplitDiffByFileTests.swift */,
				56EC8F9FC165C061D79F5952 /* TerminalKeyboardRoutingTests.swift */,
				7D9C4F6213AD81E8DDF041EE /* TerminalNamespaceTests.swift */,
				C041C1F34801BF486A888B46 /* TerminalSearchTests.swift */,
				46C97B681433B80851C4C8B2 /* TerminalSplitNodeExtraTests.swift */,
				C1ACD5DC9423F0D31646990E /* TerminalSplitNodeTests.swift */,
				21DD4CFA52278B0DEC5F0003 /* TerminalSurfaceRetentionTests.swift */,
			);
			path = openOwlTests;
			sourceTree = "<group>";
		};
		0CDD52835B9426B5F422FCA5 /* Shared */ = {
			isa = PBXGroup;
			children = (
				5A99F1BD2E832DC109BCC03A /* AppLogger.swift */,
				3C32FF68B777207179BFEFB0 /* BranchNameGenerator.swift */,
				38E541F2A395A5EB308D9C38 /* Constants.swift */,
				AB19182518A4ECF2CB2EFE7D /* EmptyStateView.swift */,
				A7453D913EA60163D2B5E6D2 /* FileIcons.swift */,
				2ECB0AF2C7F4EFE398EA47EA /* GlassCompat.swift */,
				552C03468C64C29EEA14DE99 /* IconButtonStyle.swift */,
				EA86C7ADE1E696F8BF004DAD /* NotificationNames.swift */,
				AAF45F9E4541BB9F66DC113E /* PanelDivider.swift */,
				00D2782FE44356BA1DC6F8B8 /* RailChrome.swift */,
				D3F88A4C649AE808F422E1D1 /* SectionTitle.swift */,
				47FBEED930CEBFE305680520 /* SelectableRowChrome.swift */,
				61BBAD397E75BD6423E0EB63 /* SpinningIcon.swift */,
			);
			path = Shared;
			sourceTree = "<group>";
		};
		31FEC93EF6867CC4561BCB6B /* Features */ = {
			isa = PBXGroup;
			children = (
				EBC783796EA12BFD733DB048 /* FileExplorer */,
				FCB43E15D5030AD0BAE059B7 /* Git */,
				A42DBE2934B7553AB080C73B /* RightDock */,
				954854B95DD331E285589331 /* Sidebar */,
				F8123DAA52F37FDA88D2F92D /* StatusBar */,
				A305209820E9D4A628147E13 /* Terminal */,
			);
			path = Features;
			sourceTree = "<group>";
		};
		3E575D63BC811B7F7E1158B3 /* Services */ = {
			isa = PBXGroup;
			children = (
				6607398740E9040BA756684C /* CommitMessageGenerator.swift */,
				5BAFE9E75DAA3DB62ECD73CB /* FileWatcher.swift */,
				61C1A374304AF8134D201B42 /* GitService.swift */,
				F8453895B9F389F5D9284651 /* ResourceMonitor.swift */,
				61BBA8C4BCDD5442FF64552D /* UpdateChecker.swift */,
			);
			path = Services;
			sourceTree = "<group>";
		};
		523B0BDA47F8061AE7873890 /* Ghostty */ = {
			isa = PBXGroup;
			children = (
				73CF89807648285D325F0F65 /* GhosttyApp.swift */,
				B9FDFE104B8726AFD0EF477D /* GhosttyConfig.swift */,
				8DE94F3F69D57F740DD9C966 /* GhosttyInput.swift */,
				C3210995F6EB34D444A49815 /* GhosttyTerminal.swift */,
				25682E8CB84A6D92095A3762 /* openOwl-Bridging-Header.h */,
			);
			path = Ghostty;
			sourceTree = "<group>";
		};
		5A041046B6292B56FDBC5B40 /* Resources */ = {
			isa = PBXGroup;
			children = (
				B0AADF796FB02C8E6D5B25A2 /* Info.plist */,
			);
			path = Resources;
			sourceTree = "<group>";
		};
		77D9EC043121D22FB33D3229 = {
			isa = PBXGroup;
			children = (
				35BDC16C9BB8A7EF4C33FEE8 /* ghostty-resources */,
				7E400E4B4C2C95A0E66F15E2 /* openOwl */,
				04C93BCA620B1CDC8170910E /* openOwlTests */,
				AE2615A57603A7238B6BE4D3 /* Products */,
			);
			sourceTree = "<group>";
		};
		7E400E4B4C2C95A0E66F15E2 /* openOwl */ = {
			isa = PBXGroup;
			children = (
				938F89967F54EF40EA4AE7FE /* AppIcon.icns */,
				56D3EFADA4D64C3ABBF4887E /* Assets.xcassets */,
				C1B25CD306D553E9C035DD39 /* App */,
				31FEC93EF6867CC4561BCB6B /* Features */,
				523B0BDA47F8061AE7873890 /* Ghostty */,
				5A041046B6292B56FDBC5B40 /* Resources */,
				3E575D63BC811B7F7E1158B3 /* Services */,
				0CDD52835B9426B5F422FCA5 /* Shared */,
			);
			path = openOwl;
			sourceTree = "<group>";
		};
		954854B95DD331E285589331 /* Sidebar */ = {
			isa = PBXGroup;
			children = (
				6892EC597E859C6C89747657 /* BookmarkStore.swift */,
				E20D59796FBA02BB2C2D2CB5 /* ProjectRail.swift */,
				154F9C01C1F87B15DA5F1AC3 /* ProjectSessionList.swift */,
				6D5539E778AB8B17DC618C39 /* ProjectStore.swift */,
			);
			path = Sidebar;
			sourceTree = "<group>";
		};
		A305209820E9D4A628147E13 /* Terminal */ = {
			isa = PBXGroup;
			children = (
				5533A6D4B3B1811FF42BB1D1 /* FreeTerminalTabBar.swift */,
				0C4F7D15DDB411EB83184BAD /* TerminalPanel.swift */,
				79636F7D772A467ADC94B313 /* TerminalScrollView.swift */,
				DB671E763D87E90D400A8ED9 /* TerminalSearchOverlay.swift */,
				AD76FBFB96CF78FA6A6B167C /* TerminalSearchState.swift */,
				C4E0BCEA1E40509CACA5F04D /* TerminalWorkspaceStore.swift */,
				F733F678544F126652F6B93E /* TerminalWorkspaceView.swift */,
			);
			path = Terminal;
			sourceTree = "<group>";
		};
		A42DBE2934B7553AB080C73B /* RightDock */ = {
			isa = PBXGroup;
			children = (
				EFBB3B903011154CFA9A416C /* RightDockRail.swift */,
				D143F488B97B650DE80654CB /* RightDockView.swift */,
			);
			path = RightDock;
			sourceTree = "<group>";
		};
		AE2615A57603A7238B6BE4D3 /* Products */ = {
			isa = PBXGroup;
			children = (
				21D628067CD85F2271ABAA1F /* openOwl.app */,
				AD76AB4DCC030B2D4E99057E /* openOwlTests.xctest */,
			);
			name = Products;
			sourceTree = "<group>";
		};
		C1B25CD306D553E9C035DD39 /* App */ = {
			isa = PBXGroup;
			children = (
				FEDADFD1990F2C7EC7EDDC78 /* AppDelegate.swift */,
				490E3122E814DA28B0734EF6 /* ContentView.swift */,
				2CB54138411E7B198A089C5F /* openOwlApp.swift */,
				482BCD458AD47827F0591A74 /* RightDockStore.swift */,
				740A85D83B4812D1CDBD53E0 /* SettingsView.swift */,
				E6BFB8B2686ECAE673F0ACA6 /* UpdateAlertView.swift */,
			);
			path = App;
			sourceTree = "<group>";
		};
		EBC783796EA12BFD733DB048 /* FileExplorer */ = {
			isa = PBXGroup;
			children = (
				12AC90A655D11BC8410328FD /* FileExplorerStore.swift */,
				C85221AB69D1FBEA8FB4B809 /* FileExplorerView.swift */,
				6480B1CA3B59F9639172E4B9 /* OutlineTreeCellView.swift */,
				E712E0676CA92A36194A3A3E /* OutlineTreeView.swift */,
				217AE27F0A3DE1C89E12F04E /* OutlineTreeViewController.swift */,
				98E3B22B024A5CF89AEF09F0 /* QuickOpenSheet.swift */,
			);
			path = FileExplorer;
			sourceTree = "<group>";
		};
		F8123DAA52F37FDA88D2F92D /* StatusBar */ = {
			isa = PBXGroup;
			children = (
				4F692AB2575EE0D90EDAE529 /* StatusBarView.swift */,
			);
			path = StatusBar;
			sourceTree = "<group>";
		};
		FCB43E15D5030AD0BAE059B7 /* Git */ = {
			isa = PBXGroup;
			children = (
				7C602586627CCE3EB2977A5E /* GitChangesStore.swift */,
				F6C7B0DBA130E23B413EA3A8 /* GitChangesView.swift */,
			);
			path = Git;
			sourceTree = "<group>";
		};
/* End PBXGroup section */

/* Begin PBXNativeTarget section */
		54357E0C7D73AF6ECD5C03F8 /* openOwl */ = {
			isa = PBXNativeTarget;
			buildConfigurationList = 9C837ADAD63ABA136F9EAF29 /* Build configuration list for PBXNativeTarget "openOwl" */;
			buildPhases = (
				C7EAFEE2E6B64C0FE0E53773 /* Sources */,
				496EF298DCA8BB90CDFA0BDE /* Resources */,
				6B6DDD26056901A757D6A4D5 /* Frameworks */,
			);
			buildRules = (
			);
			dependencies = (
			);
			name = openOwl;
			packageProductDependencies = (
				AE1D15AD458D2BC516FC7BCE /* CodeEditSourceEditor */,
			);
			productName = openOwl;
			productReference = 21D628067CD85F2271ABAA1F /* openOwl.app */;
			productType = "com.apple.product-type.application";
		};
		C0A527490ACD8F1D86CC3DE3 /* openOwlTests */ = {
			isa = PBXNativeTarget;
			buildConfigurationList = 145D011265837BDDB705E13A /* Build configuration list for PBXNativeTarget "openOwlTests" */;
			buildPhases = (
				A4E2B446343CDBACBD18172A /* Sources */,
			);
			buildRules = (
			);
			dependencies = (
				5E6007E437D4D5AE53793AE1 /* PBXTargetDependency */,
			);
			name = openOwlTests;
			packageProductDependencies = (
			);
			productName = openOwlTests;
			productReference = AD76AB4DCC030B2D4E99057E /* openOwlTests.xctest */;
			productType = "com.apple.product-type.bundle.unit-test";
		};
/* End PBXNativeTarget section */

/* Begin PBXProject section */
		9C7D3B2ADFF25A7CE9021E60 /* Project object */ = {
			isa = PBXProject;
			attributes = {
				BuildIndependentTargetsInParallel = YES;
				LastUpgradeCheck = 1600;
				TargetAttributes = {
					54357E0C7D73AF6ECD5C03F8 = {
						DevelopmentTeam = C3NL524YS6;
						ProvisioningStyle = Automatic;
					};
					C0A527490ACD8F1D86CC3DE3 = {
						DevelopmentTeam = C3NL524YS6;
						ProvisioningStyle = Automatic;
					};
				};
			};
			buildConfigurationList = 1F446D3645D80C3868384A2A /* Build configuration list for PBXProject "openOwl" */;
			compatibilityVersion = "Xcode 14.0";
			developmentRegion = en;
			hasScannedForEncodings = 0;
			knownRegions = (
				Base,
				en,
			);
			mainGroup = 77D9EC043121D22FB33D3229;
			minimizedProjectReferenceProxies = 1;
			packageReferences = (
				D9D81D1D8CE40E1D3BD6662C /* XCRemoteSwiftPackageReference "CodeEditSourceEditor" */,
			);
			preferredProjectObjectVersion = 77;
			projectDirPath = "";
			projectRoot = "";
			targets = (
				54357E0C7D73AF6ECD5C03F8 /* openOwl */,
				C0A527490ACD8F1D86CC3DE3 /* openOwlTests */,
			);
		};
/* End PBXProject section */

/* Begin PBXResourcesBuildPhase section */
		496EF298DCA8BB90CDFA0BDE /* Resources */ = {
			isa = PBXResourcesBuildPhase;
			buildActionMask = 2147483647;
			files = (
				5729326DB2DB723A977828AB /* AppIcon.icns in Resources */,
				A1A33C96E8CE7B33C8C44339 /* Assets.xcassets in Resources */,
				9121D7764A3A9AB908307340 /* ghostty-resources in Resources */,
			);
			runOnlyForDeploymentPostprocessing = 0;
		};
/* End PBXResourcesBuildPhase section */

/* Begin PBXSourcesBuildPhase section */
		A4E2B446343CDBACBD18172A /* Sources */ = {
			isa = PBXSourcesBuildPhase;
			buildActionMask = 2147483647;
			files = (
				F7A0E506981153607E812058 /* BookmarkStoreTests.swift in Sources */,
				E2858524718C2F8850AE2DE9 /* BranchNameGeneratorTests.swift in Sources */,
				8A11FA4EFF26B2E2418120DE /* FileExplorerErrorHandlingTests.swift in Sources */,
				3140A88752300CC5AE03A433 /* FileExplorerGitPropagationTests.swift in Sources */,
				4637838D393C5D4F441A50E0 /* FileExplorerParsingTests.swift in Sources */,
				23E85236BE44285F65D1E92F /* FileIconsTests.swift in Sources */,
				2F7B5276A453883804B6D37C /* GitCommitParsingTests.swift in Sources */,
				6BD87F1582F09A111CA1DAEE /* GitServiceParsingTests.swift in Sources */,
				CB4F833D9F18065300936BAB /* GitServiceWorktreeTests.swift in Sources */,
				F809C182203DC5D122B19DB8 /* GraphLayoutTests.swift in Sources */,
				F550C71135677716727CDABC /* MaximizePaneTests.swift in Sources */,
				467A828AC1805D834ABAFF66 /* OrderedProjectTabsTests.swift in Sources */,
				DB321C5D9D0B1ED20AF1B5C3 /* ProjectStoreFreeTerminalsTests.swift in Sources */,
				02119EE617DF093C5AC6E1BA /* ProjectStoreHelpersTests.swift in Sources */,
				A2747B4F72892C3434D61AFD /* ProjectStorePersistenceTests.swift in Sources */,
				C519F9EA87A6C9634B6330C5 /* ResourceMonitorTests.swift in Sources */,
				300A0C58F3CD4221DD347BEA /* RightDockStoreTests.swift in Sources */,
				882EAAE1592A1A4FCB1A169A /* ScrollIndicatorTests.swift in Sources */,
				58B0B6ED8636B72C527AE508 /* SplitDiffByFileTests.swift in Sources */,
				84210C57D43532E520A69243 /* TerminalKeyboardRoutingTests.swift in Sources */,
				1B8510A1B037F58C77A70E55 /* TerminalNamespaceTests.swift in Sources */,
				1BD4F2C33F69F3A58B4049E9 /* TerminalSearchTests.swift in Sources */,
				78E88DA5D9EE3022602988FB /* TerminalSplitNodeExtraTests.swift in Sources */,
				B6BB3580C221F10DBB012FCA /* TerminalSplitNodeTests.swift in Sources */,
				06EF6FC70AE06D5D9FB2EE60 /* TerminalSurfaceRetentionTests.swift in Sources */,
			);
			runOnlyForDeploymentPostprocessing = 0;
		};
		C7EAFEE2E6B64C0FE0E53773 /* Sources */ = {
			isa = PBXSourcesBuildPhase;
			buildActionMask = 2147483647;
			files = (
				BBD5731ED2E2CA722DF77BA0 /* AppDelegate.swift in Sources */,
				4D9AE12397A51C88BD1D3B4F /* AppLogger.swift in Sources */,
				25638B8C67FB225663CCE5A1 /* BookmarkStore.swift in Sources */,
				68E8E1B4A11A9861636A80B3 /* BranchNameGenerator.swift in Sources */,
				F9DFB41D15D5628E3305431E /* CommitMessageGenerator.swift in Sources */,
				C8103406C7769B2B19CF90A5 /* Constants.swift in Sources */,
				D22473C2BCB4E577E5447A08 /* ContentView.swift in Sources */,
				EF85B8825B0F808FE105D731 /* EmptyStateView.swift in Sources */,
				62C2E9297DE3DE2DA8FE87D3 /* FileExplorerStore.swift in Sources */,
				E3A2575D11E17CF509A2CA38 /* FileExplorerView.swift in Sources */,
				CCF135004AC2388F113EE300 /* FileIcons.swift in Sources */,
				EC8DF83DFD73AE2330E7E2E5 /* FileWatcher.swift in Sources */,
				72D67EA4C8D4364F538AC3BA /* FreeTerminalTabBar.swift in Sources */,
				05AC7232364220B07F6B1EB0 /* GhosttyApp.swift in Sources */,
				03E4037BB16E1CAFAD0AAB1A /* GhosttyConfig.swift in Sources */,
				353D99F512065C7E8FD7EDFB /* GhosttyInput.swift in Sources */,
				A831242FE45B5FDEC78DD834 /* GhosttyTerminal.swift in Sources */,
				D8FC95FBDD4287532684B9F3 /* GitChangesStore.swift in Sources */,
				253B536A97052112FD46B3FF /* GitChangesView.swift in Sources */,
				5CB8CC71803498A3BE67CF5A /* GitService.swift in Sources */,
				5639D1BC18ACAAA2A02228CA /* GlassCompat.swift in Sources */,
				3D99003D3AD31CD33007EFFC /* IconButtonStyle.swift in Sources */,
				4EB8B6468815663DFB8126CA /* NotificationNames.swift in Sources */,
				01839507C6B1B5EB49B8DEFD /* OutlineTreeCellView.swift in Sources */,
				B688B8E2534656369B51C04E /* OutlineTreeView.swift in Sources */,
				F79004DAFFCFE7A81C3C8061 /* OutlineTreeViewController.swift in Sources */,
				5E396A11E8647300BD34C2FB /* PanelDivider.swift in Sources */,
				8F5B22333611B8EB7B1D3000 /* ProjectRail.swift in Sources */,
				6BB859A04E634B0BEF110C32 /* ProjectSessionList.swift in Sources */,
				E41F0715FF1A9ACFD20554F2 /* ProjectStore.swift in Sources */,
				BF6B6B2E42E2713F6F298006 /* QuickOpenSheet.swift in Sources */,
				56817570CF5E2439B48889EF /* RailChrome.swift in Sources */,
				51578B805F1E2D6511363059 /* ResourceMonitor.swift in Sources */,
				F087AF6004B255BE82860F2C /* RightDockRail.swift in Sources */,
				D79A8C2EED7A6227E6DFF3AD /* RightDockStore.swift in Sources */,
				8542D038455206037150C4FE /* RightDockView.swift in Sources */,
				F043F631A3AD286B260541AB /* SectionTitle.swift in Sources */,
				FA74C49292D00D1B1654BC01 /* SelectableRowChrome.swift in Sources */,
				521860E4905A1AFE5052874D /* SettingsView.swift in Sources */,
				6BBD6B72F4001B15A9D35F94 /* SpinningIcon.swift in Sources */,
				465C4C06EEE907C3154E2329 /* StatusBarView.swift in Sources */,
				E26D6EB03ADF4440FEECCD35 /* TerminalPanel.swift in Sources */,
				4897E77332A433283D871460 /* TerminalScrollView.swift in Sources */,
				60B99CB7A678B3FF5849F23B /* TerminalSearchOverlay.swift in Sources */,
				CD05B57A6A79E3908340A545 /* TerminalSearchState.swift in Sources */,
				56806FF59B6993BEC6BC294E /* TerminalWorkspaceStore.swift in Sources */,
				502E0FCB5AEF997F4C45E298 /* TerminalWorkspaceView.swift in Sources */,
				F00CD343673CE3309A16B710 /* UpdateAlertView.swift in Sources */,
				BE0A87CA4D3EE71346E578CF /* UpdateChecker.swift in Sources */,
				5E3BD234948BA7E23B411AFC /* openOwlApp.swift in Sources */,
			);
			runOnlyForDeploymentPostprocessing = 0;
		};
/* End PBXSourcesBuildPhase section */

/* Begin PBXTargetDependency section */
		5E6007E437D4D5AE53793AE1 /* PBXTargetDependency */ = {
			isa = PBXTargetDependency;
			target = 54357E0C7D73AF6ECD5C03F8 /* openOwl */;
			targetProxy = DFAA4159252A42ED1EC6F14B /* PBXContainerItemProxy */;
		};
/* End PBXTargetDependency section */

/* Begin XCBuildConfiguration section */
		05631CF6DADA8BC780D6EA44 /* Debug */ = {
			isa = XCBuildConfiguration;
			buildSettings = {
				BUNDLE_LOADER = "$(TEST_HOST)";
				COMBINE_HIDPI_IMAGES = YES;
				GENERATE_INFOPLIST_FILE = YES;
				HEADER_SEARCH_PATHS = (
					"$(PROJECT_DIR)/GhosttyKit.xcframework/macos-arm64_x86_64/Headers",
				);
				LD_RUNPATH_SEARCH_PATHS = (
					"$(inherited)",
					"@executable_path/../Frameworks",
					"@loader_path/../Frameworks",
				);
				PRODUCT_BUNDLE_IDENTIFIER = com.openowl.tests;
				SDKROOT = macosx;
				SWIFT_VERSION = 5.10;
				TEST_HOST = "$(BUILT_PRODUCTS_DIR)/openOwl.app/Contents/MacOS/openOwl";
			};
			name = Debug;
		};
		4341B32AB1D1E6ABE9096A66 /* Debug */ = {
			isa = XCBuildConfiguration;
			buildSettings = {
				ALWAYS_SEARCH_USER_PATHS = NO;
				CLANG_ANALYZER_NONNULL = YES;
				CLANG_ANALYZER_NUMBER_OBJECT_CONVERSION = YES_AGGRESSIVE;
				CLANG_CXX_LANGUAGE_STANDARD = "gnu++14";
				CLANG_CXX_LIBRARY = "libc++";
				CLANG_ENABLE_MODULES = YES;
				CLANG_ENABLE_OBJC_ARC = YES;
				CLANG_ENABLE_OBJC_WEAK = YES;
				CLANG_WARN_BLOCK_CAPTURE_AUTORELEASING = YES;
				CLANG_WARN_BOOL_CONVERSION = YES;
				CLANG_WARN_COMMA = YES;
				CLANG_WARN_CONSTANT_CONVERSION = YES;
				CLANG_WARN_DEPRECATED_OBJC_IMPLEMENTATIONS = YES;
				CLANG_WARN_DIRECT_OBJC_ISA_USAGE = YES_ERROR;
				CLANG_WARN_DOCUMENTATION_COMMENTS = YES;
				CLANG_WARN_EMPTY_BODY = YES;
				CLANG_WARN_ENUM_CONVERSION = YES;
				CLANG_WARN_INFINITE_RECURSION = YES;
				CLANG_WARN_INT_CONVERSION = YES;
				CLANG_WARN_NON_LITERAL_NULL_CONVERSION = YES;
				CLANG_WARN_OBJC_IMPLICIT_RETAIN_SELF = YES;
				CLANG_WARN_OBJC_LITERAL_CONVERSION = YES;
				CLANG_WARN_OBJC_ROOT_CLASS = YES_ERROR;
				CLANG_WARN_QUOTED_INCLUDE_IN_FRAMEWORK_HEADER = YES;
				CLANG_WARN_RANGE_LOOP_ANALYSIS = YES;
				CLANG_WARN_STRICT_PROTOTYPES = YES;
				CLANG_WARN_SUSPICIOUS_MOVE = YES;
				CLANG_WARN_UNGUARDED_AVAILABILITY = YES_AGGRESSIVE;
				CLANG_WARN_UNREACHABLE_CODE = YES;
				CLANG_WARN__DUPLICATE_METHOD_MATCH = YES;
				CODE_SIGN_IDENTITY = "Apple Development";
				CODE_SIGN_STYLE = Automatic;
				COPY_PHASE_STRIP = NO;
				DEAD_CODE_STRIPPING = YES;
				DEBUG_INFORMATION_FORMAT = dwarf;
				DEVELOPMENT_TEAM = C3NL524YS6;
				ENABLE_HARDENED_RUNTIME = YES;
				ENABLE_STRICT_OBJC_MSGSEND = YES;
				ENABLE_TESTABILITY = YES;
				ENABLE_USER_SCRIPT_SANDBOXING = YES;
				GCC_C_LANGUAGE_STANDARD = gnu11;
				GCC_DYNAMIC_NO_PIC = NO;
				GCC_NO_COMMON_BLOCKS = YES;
				GCC_OPTIMIZATION_LEVEL = 0;
				GCC_PREPROCESSOR_DEFINITIONS = (
					"$(inherited)",
					"DEBUG=1",
				);
				GCC_WARN_64_TO_32_BIT_CONVERSION = YES;
				GCC_WARN_ABOUT_RETURN_TYPE = YES_ERROR;
				GCC_WARN_UNDECLARED_SELECTOR = YES;
				GCC_WARN_UNINITIALIZED_AUTOS = YES_AGGRESSIVE;
				GCC_WARN_UNUSED_FUNCTION = YES;
				GCC_WARN_UNUSED_VARIABLE = YES;
				MACOSX_DEPLOYMENT_TARGET = 14.0;
				MTL_ENABLE_DEBUG_INFO = INCLUDE_SOURCE;
				MTL_FAST_MATH = YES;
				ONLY_ACTIVE_ARCH = YES;
				PRODUCT_NAME = "$(TARGET_NAME)";
				SDKROOT = macosx;
				SWIFT_ACTIVE_COMPILATION_CONDITIONS = DEBUG;
				SWIFT_OBJC_BRIDGING_HEADER = "openOwl/Ghostty/openOwl-Bridging-Header.h";
				SWIFT_OPTIMIZATION_LEVEL = "-Onone";
				SWIFT_VERSION = 5.10;
			};
			name = Debug;
		};
		5F639DECA0F6E38FDB17F1DE /* Release */ = {
			isa = XCBuildConfiguration;
			buildSettings = {
				ASSETCATALOG_COMPILER_APPICON_NAME = AppIcon;
				CODE_SIGN_ENTITLEMENTS = openOwl/Resources/openOwl.entitlements;
				COMBINE_HIDPI_IMAGES = YES;
				CURRENT_PROJECT_VERSION = 6;
				FRAMEWORK_SEARCH_PATHS = (
					"$(PROJECT_DIR)",
				);
				GENERATE_INFOPLIST_FILE = YES;
				HEADER_SEARCH_PATHS = (
					"$(PROJECT_DIR)/GhosttyKit.xcframework/macos-arm64_x86_64/Headers",
				);
				INFOPLIST_FILE = openOwl/Resources/Info.plist;
				INFOPLIST_KEY_CFBundleDisplayName = OpenOwl;
				INFOPLIST_KEY_LSApplicationCategoryType = "public.app-category.developer-tools";
				LD_RUNPATH_SEARCH_PATHS = (
					"$(inherited)",
					"@executable_path/../Frameworks",
				);
				LIBRARY_SEARCH_PATHS = (
					"$(PROJECT_DIR)/GhosttyKit.xcframework/macos-arm64_x86_64",
				);
				MARKETING_VERSION = 1.1.4;
				OTHER_LDFLAGS = (
					"-lghostty",
					"-framework Metal",
					"-framework MetalKit",
					"-framework AppKit",
					"-framework QuartzCore",
					"-framework CoreText",
					"-framework CoreGraphics",
					"-framework Foundation",
					"-framework Carbon",
					"-framework IOKit",
					"-framework UniformTypeIdentifiers",
					"-framework Security",
					"-lz",
					"-lc++",
				);
				PRODUCT_BUNDLE_IDENTIFIER = com.openowl.app;
				PRODUCT_NAME = openOwl;
				SDKROOT = macosx;
			};
			name = Release;
		};
		A9481ADEE39A2A3F06E9DEE8 /* Debug */ = {
			isa = XCBuildConfiguration;
			buildSettings = {
				ASSETCATALOG_COMPILER_APPICON_NAME = AppIconDev;
				CODE_SIGN_ENTITLEMENTS = openOwl/Resources/openOwl.entitlements;
				COMBINE_HIDPI_IMAGES = YES;
				CURRENT_PROJECT_VERSION = 6;
				FRAMEWORK_SEARCH_PATHS = (
					"$(PROJECT_DIR)",
				);
				GENERATE_INFOPLIST_FILE = YES;
				HEADER_SEARCH_PATHS = (
					"$(PROJECT_DIR)/GhosttyKit.xcframework/macos-arm64_x86_64/Headers",
				);
				INFOPLIST_FILE = openOwl/Resources/Info.plist;
				INFOPLIST_KEY_CFBundleDisplayName = OpenOwl;
				INFOPLIST_KEY_LSApplicationCategoryType = "public.app-category.developer-tools";
				LD_RUNPATH_SEARCH_PATHS = (
					"$(inherited)",
					"@executable_path/../Frameworks",
				);
				LIBRARY_SEARCH_PATHS = (
					"$(PROJECT_DIR)/GhosttyKit.xcframework/macos-arm64_x86_64",
				);
				MARKETING_VERSION = 1.1.4;
				OTHER_LDFLAGS = (
					"-lghostty",
					"-framework Metal",
					"-framework MetalKit",
					"-framework AppKit",
					"-framework QuartzCore",
					"-framework CoreText",
					"-framework CoreGraphics",
					"-framework Foundation",
					"-framework Carbon",
					"-framework IOKit",
					"-framework UniformTypeIdentifiers",
					"-framework Security",
					"-lz",
					"-lc++",
				);
				PRODUCT_BUNDLE_IDENTIFIER = com.openowl.app.dev;
				PRODUCT_NAME = openOwl;
				SDKROOT = macosx;
			};
			name = Debug;
		};
		B291DAF63C29A41129BB676F /* Release */ = {
			isa = XCBuildConfiguration;
			buildSettings = {
				ALWAYS_SEARCH_USER_PATHS = NO;
				CLANG_ANALYZER_NONNULL = YES;
				CLANG_ANALYZER_NUMBER_OBJECT_CONVERSION = YES_AGGRESSIVE;
				CLANG_CXX_LANGUAGE_STANDARD = "gnu++14";
				CLANG_CXX_LIBRARY = "libc++";
				CLANG_ENABLE_MODULES = YES;
				CLANG_ENABLE_OBJC_ARC = YES;
				CLANG_ENABLE_OBJC_WEAK = YES;
				CLANG_WARN_BLOCK_CAPTURE_AUTORELEASING = YES;
				CLANG_WARN_BOOL_CONVERSION = YES;
				CLANG_WARN_COMMA = YES;
				CLANG_WARN_CONSTANT_CONVERSION = YES;
				CLANG_WARN_DEPRECATED_OBJC_IMPLEMENTATIONS = YES;
				CLANG_WARN_DIRECT_OBJC_ISA_USAGE = YES_ERROR;
				CLANG_WARN_DOCUMENTATION_COMMENTS = YES;
				CLANG_WARN_EMPTY_BODY = YES;
				CLANG_WARN_ENUM_CONVERSION = YES;
				CLANG_WARN_INFINITE_RECURSION = YES;
				CLANG_WARN_INT_CONVERSION = YES;
				CLANG_WARN_NON_LITERAL_NULL_CONVERSION = YES;
				CLANG_WARN_OBJC_IMPLICIT_RETAIN_SELF = YES;
				CLANG_WARN_OBJC_LITERAL_CONVERSION = YES;
				CLANG_WARN_OBJC_ROOT_CLASS = YES_ERROR;
				CLANG_WARN_QUOTED_INCLUDE_IN_FRAMEWORK_HEADER = YES;
				CLANG_WARN_RANGE_LOOP_ANALYSIS = YES;
				CLANG_WARN_STRICT_PROTOTYPES = YES;
				CLANG_WARN_SUSPICIOUS_MOVE = YES;
				CLANG_WARN_UNGUARDED_AVAILABILITY = YES_AGGRESSIVE;
				CLANG_WARN_UNREACHABLE_CODE = YES;
				CLANG_WARN__DUPLICATE_METHOD_MATCH = YES;
				CODE_SIGN_IDENTITY = "Apple Development";
				CODE_SIGN_STYLE = Automatic;
				COPY_PHASE_STRIP = NO;
				DEAD_CODE_STRIPPING = YES;
				DEBUG_INFORMATION_FORMAT = "dwarf-with-dsym";
				DEVELOPMENT_TEAM = C3NL524YS6;
				ENABLE_HARDENED_RUNTIME = YES;
				ENABLE_NS_ASSERTIONS = NO;
				ENABLE_STRICT_OBJC_MSGSEND = YES;
				ENABLE_USER_SCRIPT_SANDBOXING = YES;
				GCC_C_LANGUAGE_STANDARD = gnu11;
				GCC_NO_COMMON_BLOCKS = YES;
				GCC_WARN_64_TO_32_BIT_CONVERSION = YES;
				GCC_WARN_ABOUT_RETURN_TYPE = YES_ERROR;
				GCC_WARN_UNDECLARED_SELECTOR = YES;
				GCC_WARN_UNINITIALIZED_AUTOS = YES_AGGRESSIVE;
				GCC_WARN_UNUSED_FUNCTION = YES;
				GCC_WARN_UNUSED_VARIABLE = YES;
				MACOSX_DEPLOYMENT_TARGET = 14.0;
				MTL_ENABLE_DEBUG_INFO = NO;
				MTL_FAST_MATH = YES;
				PRODUCT_NAME = "$(TARGET_NAME)";
				SDKROOT = macosx;
				SWIFT_COMPILATION_MODE = wholemodule;
				SWIFT_OBJC_BRIDGING_HEADER = "openOwl/Ghostty/openOwl-Bridging-Header.h";
				SWIFT_OPTIMIZATION_LEVEL = "-O";
				SWIFT_VERSION = 5.10;
			};
			name = Release;
		};
		C54560639627B4530FCF9540 /* Release */ = {
			isa = XCBuildConfiguration;
			buildSettings = {
				BUNDLE_LOADER = "$(TEST_HOST)";
				COMBINE_HIDPI_IMAGES = YES;
				GENERATE_INFOPLIST_FILE = YES;
				HEADER_SEARCH_PATHS = (
					"$(PROJECT_DIR)/GhosttyKit.xcframework/macos-arm64_x86_64/Headers",
				);
				LD_RUNPATH_SEARCH_PATHS = (
					"$(inherited)",
					"@executable_path/../Frameworks",
					"@loader_path/../Frameworks",
				);
				PRODUCT_BUNDLE_IDENTIFIER = com.openowl.tests;
				SDKROOT = macosx;
				SWIFT_VERSION = 5.10;
				TEST_HOST = "$(BUILT_PRODUCTS_DIR)/openOwl.app/Contents/MacOS/openOwl";
			};
			name = Release;
		};
/* End XCBuildConfiguration section */

/* Begin XCConfigurationList section */
		145D011265837BDDB705E13A /* Build configuration list for PBXNativeTarget "openOwlTests" */ = {
			isa = XCConfigurationList;
			buildConfigurations = (
				05631CF6DADA8BC780D6EA44 /* Debug */,
				C54560639627B4530FCF9540 /* Release */,
			);
			defaultConfigurationIsVisible = 0;
			defaultConfigurationName = Debug;
		};
		1F446D3645D80C3868384A2A /* Build configuration list for PBXProject "openOwl" */ = {
			isa = XCConfigurationList;
			buildConfigurations = (
				4341B32AB1D1E6ABE9096A66 /* Debug */,
				B291DAF63C29A41129BB676F /* Release */,
			);
			defaultConfigurationIsVisible = 0;
			defaultConfigurationName = Debug;
		};
		9C837ADAD63ABA136F9EAF29 /* Build configuration list for PBXNativeTarget "openOwl" */ = {
			isa = XCConfigurationList;
			buildConfigurations = (
				A9481ADEE39A2A3F06E9DEE8 /* Debug */,
				5F639DECA0F6E38FDB17F1DE /* Release */,
			);
			defaultConfigurationIsVisible = 0;
			defaultConfigurationName = Debug;
		};
/* End XCConfigurationList section */

/* Begin XCRemoteSwiftPackageReference section */
		D9D81D1D8CE40E1D3BD6662C /* XCRemoteSwiftPackageReference "CodeEditSourceEditor" */ = {
			isa = XCRemoteSwiftPackageReference;
			repositoryURL = "https://github.com/sanvibyfish/CodeEditSourceEditor";
			requirement = {
				branch = "fix/minimap-brightness-catalog-color";
				kind = branch;
			};
		};
/* End XCRemoteSwiftPackageReference section */

/* Begin XCSwiftPackageProductDependency section */
		AE1D15AD458D2BC516FC7BCE /* CodeEditSourceEditor */ = {
			isa = XCSwiftPackageProductDependency;
			package = D9D81D1D8CE40E1D3BD6662C /* XCRemoteSwiftPackageReference "CodeEditSourceEditor" */;
			productName = CodeEditSourceEditor;
		};
/* End XCSwiftPackageProductDependency section */
	};
	rootObject = 9C7D3B2ADFF25A7CE9021E60 /* Project object */;
}
